
Microsoft Visual Studio Solution File, Format Version 12.00
# Visual Studio Version 17
VisualStudioVersion = 17.2.32630.192
MinimumVisualStudioVersion = 10.0.40219.1
Project("{FAE04EC0-301F-11D3-BF4B-00C04F79EFBC}") = "Hotel-Booking-API", "Hotel-Booking-API\Hotel-Booking-API.csproj", "{97B4E677-9D7E-45DE-813B-EB83FAE8A1BE}"
EndProject
Global
	GlobalSection(SolutionConfigurationPlatforms) = preSolution
		Debug|Any CPU = Debug|Any CPU
		Release|Any CPU = Release|Any CPU
	EndGlobalSection
	GlobalSection(ProjectConfigurationPlatforms) = postSolution
		{97B4E677-9D7E-45DE-813B-EB83FAE8A1BE}.Debug|Any CPU.ActiveCfg = Debug|Any CPU
		{97B4E677-9D7E-45DE-813B-EB83FAE8A1BE}.Debug|Any CPU.Build.0 = Debug|Any CPU
		{97B4E677-9D7E-45DE-813B-EB83FAE8A1BE}.Release|Any CPU.ActiveCfg = Release|Any CPU
		{97B4E677-9D7E-45DE-813B-EB83FAE8A1BE}.Release|Any CPU.Build.0 = Release|Any CPU
	EndGlobalSection
	GlobalSection(SolutionProperties) = preSolution
		HideSolutionNode = FALSE
	EndGlobalSection
	GlobalSection(ExtensibilityGlobals) = postSolution
		SolutionGuid = {A52353B3-FB59-4884-B356-A19FB0047DC3}
	EndGlobalSection
EndGlobal
